
Microsoft Visual Studio Solution File, Format Version 12.00
# Visual Studio Version 16
VisualStudioVersion = 16.0.29209.62
MinimumVisualStudioVersion = 10.0.40219.1
Project("{FAE04EC0-301F-11D3-BF4B-00C04F79EFBC}") = "Caso", "Caso\Caso.csproj", "{D705814C-E7B2-472A-BE7D-4284E3F78423}"
EndProject
Global
	GlobalSection(SolutionConfigurationPlatforms) = preSolution
		Debug|Any CPU = Debug|Any CPU
		Release|Any CPU = Release|Any CPU
	EndGlobalSection
	GlobalSection(ProjectConfigurationPlatforms) = postSolution
		{D705814C-E7B2-472A-BE7D-4284E3F78423}.Debug|Any CPU.ActiveCfg = Debug|Any CPU
		{D705814C-E7B2-472A-BE7D-4284E3F78423}.Debug|Any CPU.Build.0 = Debug|Any CPU
		{D705814C-E7B2-472A-BE7D-4284E3F78423}.Release|Any CPU.ActiveCfg = Release|Any CPU
		{D705814C-E7B2-472A-BE7D-4284E3F78423}.Release|Any CPU.Build.0 = Release|Any CPU
	EndGlobalSection
	GlobalSection(SolutionProperties) = preSolution
		HideSolutionNode = FALSE
	EndGlobalSection
	GlobalSection(ExtensibilityGlobals) = postSolution
		SolutionGuid = {CC7140FD-C3B1-4568-B848-540F1D9B7FF5}
	EndGlobalSection
EndGlobal
